
Microsoft Visual Studio Solution File, Format Version 12.00
# Visual Studio Version 16
VisualStudioVersion = 16.0.33214.272
MinimumVisualStudioVersion = 10.0.40219.1
Project("{FAE04EC0-301F-11D3-BF4B-00C04F79EFBC}") = "03-Ogrenci_Yurt_Kayit_Otomasyonu", "03-Ogrenci_Yurt_Kayit_Otomasyonu.csproj", "{4BD8A7E1-05FC-47C6-BB50-F46E154B42C3}"
EndProject
Global
	GlobalSection(SolutionConfigurationPlatforms) = preSolution
		Debug|Any CPU = Debug|Any CPU
		Release|Any CPU = Release|Any CPU
	EndGlobalSection
	GlobalSection(ProjectConfigurationPlatforms) = postSolution
		{4BD8A7E1-05FC-47C6-BB50-F46E154B42C3}.Debug|Any CPU.ActiveCfg = Debug|Any CPU
		{4BD8A7E1-05FC-47C6-BB50-F46E154B42C3}.Debug|Any CPU.Build.0 = Debug|Any CPU
		{4BD8A7E1-05FC-47C6-BB50-F46E154B42C3}.Release|Any CPU.ActiveCfg = Release|Any CPU
		{4BD8A7E1-05FC-47C6-BB50-F46E154B42C3}.Release|Any CPU.Build.0 = Release|Any CPU
	EndGlobalSection
	GlobalSection(SolutionProperties) = preSolution
		HideSolutionNode = FALSE
	EndGlobalSection
	GlobalSection(ExtensibilityGlobals) = postSolution
		SolutionGuid = {EB2501CD-A787-423C-BFF1-6E36036348D8}
	EndGlobalSection
EndGlobal
