
Microsoft Visual Studio Solution File, Format Version 12.00
# Visual Studio Version 16
VisualStudioVersion = 16.0.33423.256
MinimumVisualStudioVersion = 10.0.40219.1
Project("{FAE04EC0-301F-11D3-BF4B-00C04F79EFBC}") = "04-DevExpress_SQL_Tabanli_Ticari_Otomasyon", "04-DevExpress_SQL_Tabanli_Ticari_Otomasyon.csproj", "{73C2711E-C0DC-4BAE-B309-E594B8D3E0BB}"
EndProject
Global
	GlobalSection(SolutionConfigurationPlatforms) = preSolution
		Debug|Any CPU = Debug|Any CPU
		Release|Any CPU = Release|Any CPU
	EndGlobalSection
	GlobalSection(ProjectConfigurationPlatforms) = postSolution
		{73C2711E-C0DC-4BAE-B309-E594B8D3E0BB}.Debug|Any CPU.ActiveCfg = Debug|Any CPU
		{73C2711E-C0DC-4BAE-B309-E594B8D3E0BB}.Debug|Any CPU.Build.0 = Debug|Any CPU
		{73C2711E-C0DC-4BAE-B309-E594B8D3E0BB}.Release|Any CPU.ActiveCfg = Release|Any CPU
		{73C2711E-C0DC-4BAE-B309-E594B8D3E0BB}.Release|Any CPU.Build.0 = Release|Any CPU
	EndGlobalSection
	GlobalSection(SolutionProperties) = preSolution
		HideSolutionNode = FALSE
	EndGlobalSection
	GlobalSection(ExtensibilityGlobals) = postSolution
		SolutionGuid = {E9F2F107-2D12-4298-8892-880CE9E9C396}
	EndGlobalSection
EndGlobal
