
Microsoft Visual Studio Solution File, Format Version 12.00
# Visual Studio Version 16
VisualStudioVersion = 16.0.33423.256
MinimumVisualStudioVersion = 10.0.40219.1
Project("{FAE04EC0-301F-11D3-BF4B-00C04F79EFBC}") = "08-ASPNET_Entity_Framework_Dizi_Blog_Sitesi", "08-ASPNET_Entity_Framework_Dizi_Blog_Sitesi\08-ASPNET_Entity_Framework_Dizi_Blog_Sitesi.csproj", "{95B9A5DC-A947-4734-8C84-1D4D4C81CFE1}"
EndProject
Global
	GlobalSection(SolutionConfigurationPlatforms) = preSolution
		Debug|Any CPU = Debug|Any CPU
		Release|Any CPU = Release|Any CPU
	EndGlobalSection
	GlobalSection(ProjectConfigurationPlatforms) = postSolution
		{95B9A5DC-A947-4734-8C84-1D4D4C81CFE1}.Debug|Any CPU.ActiveCfg = Debug|Any CPU
		{95B9A5DC-A947-4734-8C84-1D4D4C81CFE1}.Debug|Any CPU.Build.0 = Debug|Any CPU
		{95B9A5DC-A947-4734-8C84-1D4D4C81CFE1}.Release|Any CPU.ActiveCfg = Release|Any CPU
		{95B9A5DC-A947-4734-8C84-1D4D4C81CFE1}.Release|Any CPU.Build.0 = Release|Any CPU
	EndGlobalSection
	GlobalSection(SolutionProperties) = preSolution
		HideSolutionNode = FALSE
	EndGlobalSection
	GlobalSection(ExtensibilityGlobals) = postSolution
		SolutionGuid = {388E52BA-31EF-4D00-9B08-ACBFA03FFB41}
	EndGlobalSection
EndGlobal
